
Microsoft Visual Studio Solution File, Format Version 12.00
# Visual Studio Version 17
VisualStudioVersion = 17.9.34701.34
MinimumVisualStudioVersion = 10.0.40219.1
Project("{FAE04EC0-301F-11D3-BF4B-00C04F79EFBC}") = "01_Serializar_XML", "01_S_XML\01_Serializar_XML.csproj", "{38C8E03D-0CCA-48FF-B608-275C5DA266B8}"
EndProject
Project("{FAE04EC0-301F-11D3-BF4B-00C04F79EFBC}") = "00_Biblioteca", "ClassLibrary1\00_Biblioteca.csproj", "{57653A1A-8C69-4080-9E5C-15955D9E8D3A}"
EndProject
Project("{FAE04EC0-301F-11D3-BF4B-00C04F79EFBC}") = "02_DesserializarXML", "02_DesserializarXML\02_DesserializarXML.csproj", "{7A96E0A7-E915-408C-8566-4DC2DBA26D92}"
EndProject
Project("{FAE04EC0-301F-11D3-BF4B-00C04F79EFBC}") = "03_SerializarJSON", "03_SerializarJSON\03_SerializarJSON.csproj", "{1CD5DA57-C532-44CF-ABB9-68875E14AB6C}"
EndProject
Project("{FAE04EC0-301F-11D3-BF4B-00C04F79EFBC}") = "04_DesserializarJSON", "04_DesserializarJSON\04_DesserializarJSON.csproj", "{38F48BC3-968F-4A68-AFA9-13D5B4E1A6C2}"
EndProject
Global
	GlobalSection(SolutionConfigurationPlatforms) = preSolution
		Debug|Any CPU = Debug|Any CPU
		Release|Any CPU = Release|Any CPU
	EndGlobalSection
	GlobalSection(ProjectConfigurationPlatforms) = postSolution
		{38C8E03D-0CCA-48FF-B608-275C5DA266B8}.Debug|Any CPU.ActiveCfg = Debug|Any CPU
		{38C8E03D-0CCA-48FF-B608-275C5DA266B8}.Debug|Any CPU.Build.0 = Debug|Any CPU
		{38C8E03D-0CCA-48FF-B608-275C5DA266B8}.Release|Any CPU.ActiveCfg = Release|Any CPU
		{38C8E03D-0CCA-48FF-B608-275C5DA266B8}.Release|Any CPU.Build.0 = Release|Any CPU
		{57653A1A-8C69-4080-9E5C-15955D9E8D3A}.Debug|Any CPU.ActiveCfg = Debug|Any CPU
		{57653A1A-8C69-4080-9E5C-15955D9E8D3A}.Debug|Any CPU.Build.0 = Debug|Any CPU
		{57653A1A-8C69-4080-9E5C-15955D9E8D3A}.Release|Any CPU.ActiveCfg = Release|Any CPU
		{57653A1A-8C69-4080-9E5C-15955D9E8D3A}.Release|Any CPU.Build.0 = Release|Any CPU
		{7A96E0A7-E915-408C-8566-4DC2DBA26D92}.Debug|Any CPU.ActiveCfg = Debug|Any CPU
		{7A96E0A7-E915-408C-8566-4DC2DBA26D92}.Debug|Any CPU.Build.0 = Debug|Any CPU
		{7A96E0A7-E915-408C-8566-4DC2DBA26D92}.Release|Any CPU.ActiveCfg = Release|Any CPU
		{7A96E0A7-E915-408C-8566-4DC2DBA26D92}.Release|Any CPU.Build.0 = Release|Any CPU
		{1CD5DA57-C532-44CF-ABB9-68875E14AB6C}.Debug|Any CPU.ActiveCfg = Debug|Any CPU
		{1CD5DA57-C532-44CF-ABB9-68875E14AB6C}.Debug|Any CPU.Build.0 = Debug|Any CPU
		{1CD5DA57-C532-44CF-ABB9-68875E14AB6C}.Release|Any CPU.ActiveCfg = Release|Any CPU
		{1CD5DA57-C532-44CF-ABB9-68875E14AB6C}.Release|Any CPU.Build.0 = Release|Any CPU
		{38F48BC3-968F-4A68-AFA9-13D5B4E1A6C2}.Debug|Any CPU.ActiveCfg = Debug|Any CPU
		{38F48BC3-968F-4A68-AFA9-13D5B4E1A6C2}.Debug|Any CPU.Build.0 = Debug|Any CPU
		{38F48BC3-968F-4A68-AFA9-13D5B4E1A6C2}.Release|Any CPU.ActiveCfg = Release|Any CPU
		{38F48BC3-968F-4A68-AFA9-13D5B4E1A6C2}.Release|Any CPU.Build.0 = Release|Any CPU
	EndGlobalSection
	GlobalSection(SolutionProperties) = preSolution
		HideSolutionNode = FALSE
	EndGlobalSection
	GlobalSection(ExtensibilityGlobals) = postSolution
		SolutionGuid = {105E7BA3-5EA8-4373-92E5-0D353C496BF6}
	EndGlobalSection
EndGlobal
